
Microsoft Visual Studio Solution File, Format Version 12.00
# Visual Studio Version 17
VisualStudioVersion = 17.5.33530.505
MinimumVisualStudioVersion = 10.0.40219.1
Project("{9A19103F-16F7-4668-BE54-9A1E7A4F7556}") = "Hotel.Web", "Hotel.Web\Hotel.Web.csproj", "{E4251DF3-2684-4B87-9995-5D2158E242D8}"
EndProject
Project("{9A19103F-16F7-4668-BE54-9A1E7A4F7556}") = "Hotel.IOC", "Hotel.IOC\Hotel.IOC.csproj", "{7443DEEB-3BF4-4EEE-BDCB-C3BEC94F0A57}"
EndProject
Project("{9A19103F-16F7-4668-BE54-9A1E7A4F7556}") = "Hotel.Infrastructure", "Hotel.Infrastructure\Hotel.Infrastructure.csproj", "{DA072D51-CE0C-4A78-898A-E72845DE98DF}"
EndProject
Project("{9A19103F-16F7-4668-BE54-9A1E7A4F7556}") = "Hotel.Domain", "Hotel.Domain\Hotel.Domain.csproj", "{CDB05B3F-3323-4CAF-8F7C-E5A864B3B7E3}"
EndProject
Project("{9A19103F-16F7-4668-BE54-9A1E7A4F7556}") = "Hotel.Application", "Hotel.Application\Hotel.Application.csproj", "{8743AB81-D87E-4DAB-A4B4-C89046D55F7D}"
EndProject
Project("{FAE04EC0-301F-11D3-BF4B-00C04F79EFBC}") = "Hotel.Api", "Hotel.Api\Hotel.Api.csproj", "{D19AA559-0CA4-43C9-AB5E-056BEA9A4949}"
EndProject
Global
	GlobalSection(SolutionConfigurationPlatforms) = preSolution
		Debug|Any CPU = Debug|Any CPU
		Release|Any CPU = Release|Any CPU
	EndGlobalSection
	GlobalSection(ProjectConfigurationPlatforms) = postSolution
		{E4251DF3-2684-4B87-9995-5D2158E242D8}.Debug|Any CPU.ActiveCfg = Debug|Any CPU
		{E4251DF3-2684-4B87-9995-5D2158E242D8}.Debug|Any CPU.Build.0 = Debug|Any CPU
		{E4251DF3-2684-4B87-9995-5D2158E242D8}.Release|Any CPU.ActiveCfg = Release|Any CPU
		{E4251DF3-2684-4B87-9995-5D2158E242D8}.Release|Any CPU.Build.0 = Release|Any CPU
		{7443DEEB-3BF4-4EEE-BDCB-C3BEC94F0A57}.Debug|Any CPU.ActiveCfg = Debug|Any CPU
		{7443DEEB-3BF4-4EEE-BDCB-C3BEC94F0A57}.Debug|Any CPU.Build.0 = Debug|Any CPU
		{7443DEEB-3BF4-4EEE-BDCB-C3BEC94F0A57}.Release|Any CPU.ActiveCfg = Release|Any CPU
		{7443DEEB-3BF4-4EEE-BDCB-C3BEC94F0A57}.Release|Any CPU.Build.0 = Release|Any CPU
		{DA072D51-CE0C-4A78-898A-E72845DE98DF}.Debug|Any CPU.ActiveCfg = Debug|Any CPU
		{DA072D51-CE0C-4A78-898A-E72845DE98DF}.Debug|Any CPU.Build.0 = Debug|Any CPU
		{DA072D51-CE0C-4A78-898A-E72845DE98DF}.Release|Any CPU.ActiveCfg = Release|Any CPU
		{DA072D51-CE0C-4A78-898A-E72845DE98DF}.Release|Any CPU.Build.0 = Release|Any CPU
		{CDB05B3F-3323-4CAF-8F7C-E5A864B3B7E3}.Debug|Any CPU.ActiveCfg = Debug|Any CPU
		{CDB05B3F-3323-4CAF-8F7C-E5A864B3B7E3}.Debug|Any CPU.Build.0 = Debug|Any CPU
		{CDB05B3F-3323-4CAF-8F7C-E5A864B3B7E3}.Release|Any CPU.ActiveCfg = Release|Any CPU
		{CDB05B3F-3323-4CAF-8F7C-E5A864B3B7E3}.Release|Any CPU.Build.0 = Release|Any CPU
		{8743AB81-D87E-4DAB-A4B4-C89046D55F7D}.Debug|Any CPU.ActiveCfg = Debug|Any CPU
		{8743AB81-D87E-4DAB-A4B4-C89046D55F7D}.Debug|Any CPU.Build.0 = Debug|Any CPU
		{8743AB81-D87E-4DAB-A4B4-C89046D55F7D}.Release|Any CPU.ActiveCfg = Release|Any CPU
		{8743AB81-D87E-4DAB-A4B4-C89046D55F7D}.Release|Any CPU.Build.0 = Release|Any CPU
		{D19AA559-0CA4-43C9-AB5E-056BEA9A4949}.Debug|Any CPU.ActiveCfg = Debug|Any CPU
		{D19AA559-0CA4-43C9-AB5E-056BEA9A4949}.Debug|Any CPU.Build.0 = Debug|Any CPU
		{D19AA559-0CA4-43C9-AB5E-056BEA9A4949}.Release|Any CPU.ActiveCfg = Release|Any CPU
		{D19AA559-0CA4-43C9-AB5E-056BEA9A4949}.Release|Any CPU.Build.0 = Release|Any CPU
	EndGlobalSection
	GlobalSection(SolutionProperties) = preSolution
		HideSolutionNode = FALSE
	EndGlobalSection
	GlobalSection(ExtensibilityGlobals) = postSolution
		SolutionGuid = {1A78EEE1-88A5-4119-A0EB-0EED82760051}
	EndGlobalSection
EndGlobal
